
Microsoft Visual Studio Solution File, Format Version 12.00
# Visual Studio 15
VisualStudioVersion = 15.0.28010.2041
MinimumVisualStudioVersion = 10.0.40219.1
Project("{9A19103F-16F7-4668-BE54-9A1E7A4F7556}") = "Org.Igroknet.Auth", "Org.Igroknet.Auth\Org.Igroknet.Auth.csproj", "{533AADF9-35F8-4A3A-8C8F-BF55158BE1F7}"
EndProject
Project("{9A19103F-16F7-4668-BE54-9A1E7A4F7556}") = "Org.Igroknet.Auth.Api", "Org.Igroknet.Auth.Api\Org.Igroknet.Auth.Api.csproj", "{79C4502D-C912-4D2F-82E7-87DA3C528C50}"
EndProject
Project("{E53339B2-1760-4266-BCC7-CA923CBCF16C}") = "docker-compose", "docker-compose.dcproj", "{24FC9365-BCBF-4543-9052-5D9FCA0EDEC7}"
EndProject
Global
	GlobalSection(SolutionConfigurationPlatforms) = preSolution
		Debug|Any CPU = Debug|Any CPU
		Release|Any CPU = Release|Any CPU
	EndGlobalSection
	GlobalSection(ProjectConfigurationPlatforms) = postSolution
		{533AADF9-35F8-4A3A-8C8F-BF55158BE1F7}.Debug|Any CPU.ActiveCfg = Debug|Any CPU
		{533AADF9-35F8-4A3A-8C8F-BF55158BE1F7}.Debug|Any CPU.Build.0 = Debug|Any CPU
		{533AADF9-35F8-4A3A-8C8F-BF55158BE1F7}.Release|Any CPU.ActiveCfg = Release|Any CPU
		{533AADF9-35F8-4A3A-8C8F-BF55158BE1F7}.Release|Any CPU.Build.0 = Release|Any CPU
		{79C4502D-C912-4D2F-82E7-87DA3C528C50}.Debug|Any CPU.ActiveCfg = Debug|Any CPU
		{79C4502D-C912-4D2F-82E7-87DA3C528C50}.Debug|Any CPU.Build.0 = Debug|Any CPU
		{79C4502D-C912-4D2F-82E7-87DA3C528C50}.Release|Any CPU.ActiveCfg = Release|Any CPU
		{79C4502D-C912-4D2F-82E7-87DA3C528C50}.Release|Any CPU.Build.0 = Release|Any CPU
		{24FC9365-BCBF-4543-9052-5D9FCA0EDEC7}.Debug|Any CPU.ActiveCfg = Debug|Any CPU
		{24FC9365-BCBF-4543-9052-5D9FCA0EDEC7}.Debug|Any CPU.Build.0 = Debug|Any CPU
		{24FC9365-BCBF-4543-9052-5D9FCA0EDEC7}.Release|Any CPU.ActiveCfg = Release|Any CPU
		{24FC9365-BCBF-4543-9052-5D9FCA0EDEC7}.Release|Any CPU.Build.0 = Release|Any CPU
	EndGlobalSection
	GlobalSection(SolutionProperties) = preSolution
		HideSolutionNode = FALSE
	EndGlobalSection
	GlobalSection(ExtensibilityGlobals) = postSolution
		SolutionGuid = {EEB3DC31-3B01-4103-8637-5CC6A7FCFB6F}
	EndGlobalSection
EndGlobal
